
Microsoft Visual Studio Solution File, Format Version 12.00
# Visual Studio 15
VisualStudioVersion = 15.0.26730.8
MinimumVisualStudioVersion = 10.0.40219.1
Project("{FAE04EC0-301F-11D3-BF4B-00C04F79EFBC}") = "TestG120E", "Tests\TestG120E\TestG120E.csproj", "{B9C55347-B713-4ED2-82FB-AD09FC85EBB7}"
EndProject
Project("{FAE04EC0-301F-11D3-BF4B-00C04F79EFBC}") = "Led", "Core\Led\Led.csproj", "{6902F73C-429F-467D-8543-DD25A4EC78FB}"
EndProject
Project("{FAE04EC0-301F-11D3-BF4B-00C04F79EFBC}") = "Application", "Core\Application\Application.csproj", "{54548267-2CFB-410E-952F-E5312FFE6633}"
EndProject
Project("{FAE04EC0-301F-11D3-BF4B-00C04F79EFBC}") = "Button", "Core\Button\Button.csproj", "{855CC543-837F-4CB2-85A9-68EC8570A1C2}"
EndProject
Project("{FAE04EC0-301F-11D3-BF4B-00C04F79EFBC}") = "LedStrip", "Modules\Gadgeteer\LedStrip\LedStrip.csproj", "{14D35EFA-5F56-4ADE-A025-99E421BCB1F0}"
EndProject
Project("{FAE04EC0-301F-11D3-BF4B-00C04F79EFBC}") = "Tunes", "Modules\Gadgeteer\Tone\Tunes.csproj", "{704B1259-8A83-4F6B-AA9B-7396C1D3258F}"
EndProject
Project("{FAE04EC0-301F-11D3-BF4B-00C04F79EFBC}") = "TestG80", "Tests\TestG80\TestG80.csproj", "{55766925-A597-4E30-8B40-C0950EE2CEE7}"
EndProject
Project("{FAE04EC0-301F-11D3-BF4B-00C04F79EFBC}") = "TestG400S", "Tests\TestG400S\TestG400S.csproj", "{A51F39E9-74D9-421F-BEE0-9D55CC059871}"
EndProject
Project("{2150E333-8FDC-42A3-9474-1A3956D46DE8}") = "Modules", "Modules", "{FC39C051-E3A0-4F57-B1AB-DC2AC66B2799}"
EndProject
Project("{2150E333-8FDC-42A3-9474-1A3956D46DE8}") = "Grove", "Grove", "{76D0E0BA-4926-475E-8399-1E5D831BC5CC}"
	ProjectSection(SolutionItems) = preProject
		Modules\Grove\Button.cs = Modules\Grove\Button.cs
		Modules\Grove\Buzzer.cs = Modules\Grove\Buzzer.cs
		Modules\Grove\FourDigitDisplay.cs = Modules\Grove\FourDigitDisplay.cs
		Modules\Grove\LcdRgbBacklight.cs = Modules\Grove\LcdRgbBacklight.cs
		Modules\Grove\LedSocket.cs = Modules\Grove\LedSocket.cs
		Modules\Grove\LightSensor.cs = Modules\Grove\LightSensor.cs
		Modules\Grove\Relay.cs = Modules\Grove\Relay.cs
		Modules\Grove\RotaryAngleSensor.cs = Modules\Grove\RotaryAngleSensor.cs
		Modules\Grove\Rtc.cs = Modules\Grove\Rtc.cs
		Modules\Grove\ServoMotor.cs = Modules\Grove\ServoMotor.cs
		Modules\Grove\SoundSensor.cs = Modules\Grove\SoundSensor.cs
		Modules\Grove\TemperatureSensor.cs = Modules\Grove\TemperatureSensor.cs
		Modules\Grove\TouchSensor.cs = Modules\Grove\TouchSensor.cs
	EndProjectSection
EndProject
Project("{2150E333-8FDC-42A3-9474-1A3956D46DE8}") = "Gadgeteer", "Gadgeteer", "{AE7ECB5D-73F5-40CD-B826-3CAD48719169}"
EndProject
Project("{2150E333-8FDC-42A3-9474-1A3956D46DE8}") = "Mikro Click", "Mikro Click", "{F737043D-87DC-484C-8002-89D864D50D1C}"
EndProject
Project("{2150E333-8FDC-42A3-9474-1A3956D46DE8}") = "Tests", "Tests", "{114B8843-7395-4069-A241-8DAA0323681C}"
EndProject
Project("{2150E333-8FDC-42A3-9474-1A3956D46DE8}") = "Core", "Core", "{AB2E1BAB-F093-4C59-8BA5-FF2F4144F746}"
EndProject
Project("{FAE04EC0-301F-11D3-BF4B-00C04F79EFBC}") = "I2cGroveColor", "Modules\Grove\I2cGroveColor\I2cGroveColor.csproj", "{9576EBA2-A4E4-4609-9A49-AE65C313924B}"
EndProject
Project("{FAE04EC0-301F-11D3-BF4B-00C04F79EFBC}") = "BlepClick", "Modules\Click\BlepClick\BlepClick.csproj", "{1AEA4858-90AC-4D0E-8761-61720B5B642B}"
EndProject
Project("{FAE04EC0-301F-11D3-BF4B-00C04F79EFBC}") = "TestNetduino", "TestNetduino\TestNetduino.csproj", "{6C01E9A4-F5FC-4E5A-B749-47110AD523EC}"
EndProject
Project("{FAE04EC0-301F-11D3-BF4B-00C04F79EFBC}") = "TestBrainPad", "Tests\TestBrainPad\TestBrainPad.csproj", "{BEFC825A-9421-4DAF-9B70-DAF88131EE97}"
EndProject
Global
	GlobalSection(SolutionConfigurationPlatforms) = preSolution
		Debug|Any CPU = Debug|Any CPU
		Release|Any CPU = Release|Any CPU
	EndGlobalSection
	GlobalSection(ProjectConfigurationPlatforms) = postSolution
		{B9C55347-B713-4ED2-82FB-AD09FC85EBB7}.Debug|Any CPU.ActiveCfg = Debug|Any CPU
		{B9C55347-B713-4ED2-82FB-AD09FC85EBB7}.Debug|Any CPU.Build.0 = Debug|Any CPU
		{B9C55347-B713-4ED2-82FB-AD09FC85EBB7}.Debug|Any CPU.Deploy.0 = Debug|Any CPU
		{B9C55347-B713-4ED2-82FB-AD09FC85EBB7}.Release|Any CPU.ActiveCfg = Release|Any CPU
		{B9C55347-B713-4ED2-82FB-AD09FC85EBB7}.Release|Any CPU.Build.0 = Release|Any CPU
		{B9C55347-B713-4ED2-82FB-AD09FC85EBB7}.Release|Any CPU.Deploy.0 = Release|Any CPU
		{6902F73C-429F-467D-8543-DD25A4EC78FB}.Debug|Any CPU.ActiveCfg = Debug|Any CPU
		{6902F73C-429F-467D-8543-DD25A4EC78FB}.Debug|Any CPU.Build.0 = Debug|Any CPU
		{6902F73C-429F-467D-8543-DD25A4EC78FB}.Release|Any CPU.ActiveCfg = Release|Any CPU
		{6902F73C-429F-467D-8543-DD25A4EC78FB}.Release|Any CPU.Build.0 = Release|Any CPU
		{54548267-2CFB-410E-952F-E5312FFE6633}.Debug|Any CPU.ActiveCfg = Debug|Any CPU
		{54548267-2CFB-410E-952F-E5312FFE6633}.Debug|Any CPU.Build.0 = Debug|Any CPU
		{54548267-2CFB-410E-952F-E5312FFE6633}.Release|Any CPU.ActiveCfg = Release|Any CPU
		{54548267-2CFB-410E-952F-E5312FFE6633}.Release|Any CPU.Build.0 = Release|Any CPU
		{855CC543-837F-4CB2-85A9-68EC8570A1C2}.Debug|Any CPU.ActiveCfg = Debug|Any CPU
		{855CC543-837F-4CB2-85A9-68EC8570A1C2}.Debug|Any CPU.Build.0 = Debug|Any CPU
		{855CC543-837F-4CB2-85A9-68EC8570A1C2}.Release|Any CPU.ActiveCfg = Release|Any CPU
		{855CC543-837F-4CB2-85A9-68EC8570A1C2}.Release|Any CPU.Build.0 = Release|Any CPU
		{14D35EFA-5F56-4ADE-A025-99E421BCB1F0}.Debug|Any CPU.ActiveCfg = Debug|Any CPU
		{14D35EFA-5F56-4ADE-A025-99E421BCB1F0}.Debug|Any CPU.Build.0 = Debug|Any CPU
		{14D35EFA-5F56-4ADE-A025-99E421BCB1F0}.Release|Any CPU.ActiveCfg = Release|Any CPU
		{14D35EFA-5F56-4ADE-A025-99E421BCB1F0}.Release|Any CPU.Build.0 = Release|Any CPU
		{704B1259-8A83-4F6B-AA9B-7396C1D3258F}.Debug|Any CPU.ActiveCfg = Debug|Any CPU
		{704B1259-8A83-4F6B-AA9B-7396C1D3258F}.Debug|Any CPU.Build.0 = Debug|Any CPU
		{704B1259-8A83-4F6B-AA9B-7396C1D3258F}.Release|Any CPU.ActiveCfg = Release|Any CPU
		{704B1259-8A83-4F6B-AA9B-7396C1D3258F}.Release|Any CPU.Build.0 = Release|Any CPU
		{55766925-A597-4E30-8B40-C0950EE2CEE7}.Debug|Any CPU.ActiveCfg = Debug|Any CPU
		{55766925-A597-4E30-8B40-C0950EE2CEE7}.Debug|Any CPU.Build.0 = Debug|Any CPU
		{55766925-A597-4E30-8B40-C0950EE2CEE7}.Debug|Any CPU.Deploy.0 = Debug|Any CPU
		{55766925-A597-4E30-8B40-C0950EE2CEE7}.Release|Any CPU.ActiveCfg = Release|Any CPU
		{55766925-A597-4E30-8B40-C0950EE2CEE7}.Release|Any CPU.Build.0 = Release|Any CPU
		{55766925-A597-4E30-8B40-C0950EE2CEE7}.Release|Any CPU.Deploy.0 = Release|Any CPU
		{A51F39E9-74D9-421F-BEE0-9D55CC059871}.Debug|Any CPU.ActiveCfg = Debug|Any CPU
		{A51F39E9-74D9-421F-BEE0-9D55CC059871}.Debug|Any CPU.Build.0 = Debug|Any CPU
		{A51F39E9-74D9-421F-BEE0-9D55CC059871}.Debug|Any CPU.Deploy.0 = Debug|Any CPU
		{A51F39E9-74D9-421F-BEE0-9D55CC059871}.Release|Any CPU.ActiveCfg = Release|Any CPU
		{A51F39E9-74D9-421F-BEE0-9D55CC059871}.Release|Any CPU.Build.0 = Release|Any CPU
		{A51F39E9-74D9-421F-BEE0-9D55CC059871}.Release|Any CPU.Deploy.0 = Release|Any CPU
		{9576EBA2-A4E4-4609-9A49-AE65C313924B}.Debug|Any CPU.ActiveCfg = Debug|Any CPU
		{9576EBA2-A4E4-4609-9A49-AE65C313924B}.Debug|Any CPU.Build.0 = Debug|Any CPU
		{9576EBA2-A4E4-4609-9A49-AE65C313924B}.Release|Any CPU.ActiveCfg = Release|Any CPU
		{9576EBA2-A4E4-4609-9A49-AE65C313924B}.Release|Any CPU.Build.0 = Release|Any CPU
		{1AEA4858-90AC-4D0E-8761-61720B5B642B}.Debug|Any CPU.ActiveCfg = Debug|Any CPU
		{1AEA4858-90AC-4D0E-8761-61720B5B642B}.Debug|Any CPU.Build.0 = Debug|Any CPU
		{1AEA4858-90AC-4D0E-8761-61720B5B642B}.Release|Any CPU.ActiveCfg = Release|Any CPU
		{1AEA4858-90AC-4D0E-8761-61720B5B642B}.Release|Any CPU.Build.0 = Release|Any CPU
		{6C01E9A4-F5FC-4E5A-B749-47110AD523EC}.Debug|Any CPU.ActiveCfg = Debug|Any CPU
		{6C01E9A4-F5FC-4E5A-B749-47110AD523EC}.Debug|Any CPU.Build.0 = Debug|Any CPU
		{6C01E9A4-F5FC-4E5A-B749-47110AD523EC}.Debug|Any CPU.Deploy.0 = Debug|Any CPU
		{6C01E9A4-F5FC-4E5A-B749-47110AD523EC}.Release|Any CPU.ActiveCfg = Release|Any CPU
		{6C01E9A4-F5FC-4E5A-B749-47110AD523EC}.Release|Any CPU.Build.0 = Release|Any CPU
		{6C01E9A4-F5FC-4E5A-B749-47110AD523EC}.Release|Any CPU.Deploy.0 = Release|Any CPU
		{BEFC825A-9421-4DAF-9B70-DAF88131EE97}.Debug|Any CPU.ActiveCfg = Debug|Any CPU
		{BEFC825A-9421-4DAF-9B70-DAF88131EE97}.Debug|Any CPU.Build.0 = Debug|Any CPU
		{BEFC825A-9421-4DAF-9B70-DAF88131EE97}.Debug|Any CPU.Deploy.0 = Debug|Any CPU
		{BEFC825A-9421-4DAF-9B70-DAF88131EE97}.Release|Any CPU.ActiveCfg = Release|Any CPU
		{BEFC825A-9421-4DAF-9B70-DAF88131EE97}.Release|Any CPU.Build.0 = Release|Any CPU
		{BEFC825A-9421-4DAF-9B70-DAF88131EE97}.Release|Any CPU.Deploy.0 = Release|Any CPU
	EndGlobalSection
	GlobalSection(SolutionProperties) = preSolution
		HideSolutionNode = FALSE
	EndGlobalSection
	GlobalSection(NestedProjects) = preSolution
		{B9C55347-B713-4ED2-82FB-AD09FC85EBB7} = {114B8843-7395-4069-A241-8DAA0323681C}
		{6902F73C-429F-467D-8543-DD25A4EC78FB} = {AB2E1BAB-F093-4C59-8BA5-FF2F4144F746}
		{54548267-2CFB-410E-952F-E5312FFE6633} = {AB2E1BAB-F093-4C59-8BA5-FF2F4144F746}
		{855CC543-837F-4CB2-85A9-68EC8570A1C2} = {AB2E1BAB-F093-4C59-8BA5-FF2F4144F746}
		{14D35EFA-5F56-4ADE-A025-99E421BCB1F0} = {AE7ECB5D-73F5-40CD-B826-3CAD48719169}
		{704B1259-8A83-4F6B-AA9B-7396C1D3258F} = {AE7ECB5D-73F5-40CD-B826-3CAD48719169}
		{55766925-A597-4E30-8B40-C0950EE2CEE7} = {114B8843-7395-4069-A241-8DAA0323681C}
		{A51F39E9-74D9-421F-BEE0-9D55CC059871} = {114B8843-7395-4069-A241-8DAA0323681C}
		{76D0E0BA-4926-475E-8399-1E5D831BC5CC} = {FC39C051-E3A0-4F57-B1AB-DC2AC66B2799}
		{AE7ECB5D-73F5-40CD-B826-3CAD48719169} = {FC39C051-E3A0-4F57-B1AB-DC2AC66B2799}
		{F737043D-87DC-484C-8002-89D864D50D1C} = {FC39C051-E3A0-4F57-B1AB-DC2AC66B2799}
		{9576EBA2-A4E4-4609-9A49-AE65C313924B} = {76D0E0BA-4926-475E-8399-1E5D831BC5CC}
		{1AEA4858-90AC-4D0E-8761-61720B5B642B} = {F737043D-87DC-484C-8002-89D864D50D1C}
		{6C01E9A4-F5FC-4E5A-B749-47110AD523EC} = {114B8843-7395-4069-A241-8DAA0323681C}
		{BEFC825A-9421-4DAF-9B70-DAF88131EE97} = {114B8843-7395-4069-A241-8DAA0323681C}
	EndGlobalSection
	GlobalSection(ExtensibilityGlobals) = postSolution
		SolutionGuid = {DFE8F872-04F4-4FB3-97A0-0280C96B9F74}
	EndGlobalSection
EndGlobal
