
Microsoft Visual Studio Solution File, Format Version 12.00
# Visual Studio 15
VisualStudioVersion = 15.0.27004.2006
MinimumVisualStudioVersion = 10.0.40219.1
Project("{FAE04EC0-301F-11D3-BF4B-00C04F79EFBC}") = "Core", "Core\Core.csproj", "{54548267-2CFB-410E-952F-E5312FFE6633}"
EndProject
Project("{2150E333-8FDC-42A3-9474-1A3956D46DE8}") = "Tests", "Tests", "{114B8843-7395-4069-A241-8DAA0323681C}"
EndProject
Project("{FAE04EC0-301F-11D3-BF4B-00C04F79EFBC}") = "Modules", "Modules\Modules.csproj", "{55378620-50BD-4002-A8FB-FA61D991097E}"
EndProject
Project("{FAE04EC0-301F-11D3-BF4B-00C04F79EFBC}") = "Button", "Modules\Gadgeteer\Button\Button.csproj", "{6B5C0F1D-06AB-407A-B28B-4AE9B51D7776}"
EndProject
Project("{2150E333-8FDC-42A3-9474-1A3956D46DE8}") = "Module", "Module", "{D67AE6F9-8A0C-4F73-88CD-DC100B086850}"
EndProject
Project("{2150E333-8FDC-42A3-9474-1A3956D46DE8}") = "Gadgeteer", "Gadgeteer", "{6DB77AEE-4391-411E-A3E1-74A5168D4DCB}"
EndProject
Project("{2150E333-8FDC-42A3-9474-1A3956D46DE8}") = "_README", "_README", "{C641C4CA-D52A-452F-88CC-801D8987F593}"
	ProjectSection(SolutionItems) = preProject
		Readme.md = Readme.md
	EndProjectSection
EndProject
Project("{FAE04EC0-301F-11D3-BF4B-00C04F79EFBC}") = "LightSense", "Modules\Gadgeteer\LightSense\LightSense.csproj", "{93768DF5-E83C-40A1-9ED6-1BB5AF08F244}"
EndProject
Project("{FAE04EC0-301F-11D3-BF4B-00C04F79EFBC}") = "LedStrip", "Modules\Gadgeteer\LedStrip\LedStrip.csproj", "{0BBF077A-B8C2-484F-9F57-35ED63F936B8}"
EndProject
Project("{FAE04EC0-301F-11D3-BF4B-00C04F79EFBC}") = "DisplayN18", "Modules\Gadgeteer\DisplayN18\DisplayN18.csproj", "{E97DFDBF-B620-4ED1-8194-B99113716179}"
EndProject
Project("{FAE04EC0-301F-11D3-BF4B-00C04F79EFBC}") = "AccelG248", "Modules\Gadgeteer\AccelG248\AccelG248.csproj", "{A122B076-21A6-4017-BE8B-76010EF2AF65}"
EndProject
Project("{FAE04EC0-301F-11D3-BF4B-00C04F79EFBC}") = "Tunes", "Modules\Gadgeteer\Tunes\Tunes.csproj", "{95DF2AAB-8C5B-4E9A-8720-229D84216D0D}"
EndProject
Project("{FAE04EC0-301F-11D3-BF4B-00C04F79EFBC}") = "TempHumid", "Modules\Gadgeteer\TempHumid\TempHumid.csproj", "{ACB38212-E64C-4959-8ED0-8E6FC17A90E6}"
EndProject
Project("{FAE04EC0-301F-11D3-BF4B-00C04F79EFBC}") = "testUniversal", "Tests\testUniversal\testUniversal.csproj", "{280763D7-FBFD-46EC-B487-6FD2F93E345F}"
EndProject
Global
	GlobalSection(SolutionConfigurationPlatforms) = preSolution
		Debug|Any CPU = Debug|Any CPU
		Release|Any CPU = Release|Any CPU
	EndGlobalSection
	GlobalSection(ProjectConfigurationPlatforms) = postSolution
		{54548267-2CFB-410E-952F-E5312FFE6633}.Debug|Any CPU.ActiveCfg = Debug|Any CPU
		{54548267-2CFB-410E-952F-E5312FFE6633}.Debug|Any CPU.Build.0 = Debug|Any CPU
		{54548267-2CFB-410E-952F-E5312FFE6633}.Release|Any CPU.ActiveCfg = Release|Any CPU
		{54548267-2CFB-410E-952F-E5312FFE6633}.Release|Any CPU.Build.0 = Release|Any CPU
		{55378620-50BD-4002-A8FB-FA61D991097E}.Debug|Any CPU.ActiveCfg = Debug|Any CPU
		{55378620-50BD-4002-A8FB-FA61D991097E}.Debug|Any CPU.Build.0 = Debug|Any CPU
		{55378620-50BD-4002-A8FB-FA61D991097E}.Release|Any CPU.ActiveCfg = Release|Any CPU
		{55378620-50BD-4002-A8FB-FA61D991097E}.Release|Any CPU.Build.0 = Release|Any CPU
		{6B5C0F1D-06AB-407A-B28B-4AE9B51D7776}.Debug|Any CPU.ActiveCfg = Debug|Any CPU
		{6B5C0F1D-06AB-407A-B28B-4AE9B51D7776}.Debug|Any CPU.Build.0 = Debug|Any CPU
		{6B5C0F1D-06AB-407A-B28B-4AE9B51D7776}.Release|Any CPU.ActiveCfg = Release|Any CPU
		{6B5C0F1D-06AB-407A-B28B-4AE9B51D7776}.Release|Any CPU.Build.0 = Release|Any CPU
		{93768DF5-E83C-40A1-9ED6-1BB5AF08F244}.Debug|Any CPU.ActiveCfg = Debug|Any CPU
		{93768DF5-E83C-40A1-9ED6-1BB5AF08F244}.Debug|Any CPU.Build.0 = Debug|Any CPU
		{93768DF5-E83C-40A1-9ED6-1BB5AF08F244}.Release|Any CPU.ActiveCfg = Release|Any CPU
		{93768DF5-E83C-40A1-9ED6-1BB5AF08F244}.Release|Any CPU.Build.0 = Release|Any CPU
		{0BBF077A-B8C2-484F-9F57-35ED63F936B8}.Debug|Any CPU.ActiveCfg = Debug|Any CPU
		{0BBF077A-B8C2-484F-9F57-35ED63F936B8}.Debug|Any CPU.Build.0 = Debug|Any CPU
		{0BBF077A-B8C2-484F-9F57-35ED63F936B8}.Release|Any CPU.ActiveCfg = Release|Any CPU
		{0BBF077A-B8C2-484F-9F57-35ED63F936B8}.Release|Any CPU.Build.0 = Release|Any CPU
		{E97DFDBF-B620-4ED1-8194-B99113716179}.Debug|Any CPU.ActiveCfg = Debug|Any CPU
		{E97DFDBF-B620-4ED1-8194-B99113716179}.Debug|Any CPU.Build.0 = Debug|Any CPU
		{E97DFDBF-B620-4ED1-8194-B99113716179}.Release|Any CPU.ActiveCfg = Release|Any CPU
		{E97DFDBF-B620-4ED1-8194-B99113716179}.Release|Any CPU.Build.0 = Release|Any CPU
		{A122B076-21A6-4017-BE8B-76010EF2AF65}.Debug|Any CPU.ActiveCfg = Debug|Any CPU
		{A122B076-21A6-4017-BE8B-76010EF2AF65}.Debug|Any CPU.Build.0 = Debug|Any CPU
		{A122B076-21A6-4017-BE8B-76010EF2AF65}.Release|Any CPU.ActiveCfg = Release|Any CPU
		{A122B076-21A6-4017-BE8B-76010EF2AF65}.Release|Any CPU.Build.0 = Release|Any CPU
		{95DF2AAB-8C5B-4E9A-8720-229D84216D0D}.Debug|Any CPU.ActiveCfg = Debug|Any CPU
		{95DF2AAB-8C5B-4E9A-8720-229D84216D0D}.Debug|Any CPU.Build.0 = Debug|Any CPU
		{95DF2AAB-8C5B-4E9A-8720-229D84216D0D}.Release|Any CPU.ActiveCfg = Release|Any CPU
		{95DF2AAB-8C5B-4E9A-8720-229D84216D0D}.Release|Any CPU.Build.0 = Release|Any CPU
		{ACB38212-E64C-4959-8ED0-8E6FC17A90E6}.Debug|Any CPU.ActiveCfg = Debug|Any CPU
		{ACB38212-E64C-4959-8ED0-8E6FC17A90E6}.Debug|Any CPU.Build.0 = Debug|Any CPU
		{ACB38212-E64C-4959-8ED0-8E6FC17A90E6}.Release|Any CPU.ActiveCfg = Release|Any CPU
		{ACB38212-E64C-4959-8ED0-8E6FC17A90E6}.Release|Any CPU.Build.0 = Release|Any CPU
		{280763D7-FBFD-46EC-B487-6FD2F93E345F}.Debug|Any CPU.ActiveCfg = Debug|Any CPU
		{280763D7-FBFD-46EC-B487-6FD2F93E345F}.Debug|Any CPU.Build.0 = Debug|Any CPU
		{280763D7-FBFD-46EC-B487-6FD2F93E345F}.Debug|Any CPU.Deploy.0 = Debug|Any CPU
		{280763D7-FBFD-46EC-B487-6FD2F93E345F}.Release|Any CPU.ActiveCfg = Release|Any CPU
		{280763D7-FBFD-46EC-B487-6FD2F93E345F}.Release|Any CPU.Build.0 = Release|Any CPU
		{280763D7-FBFD-46EC-B487-6FD2F93E345F}.Release|Any CPU.Deploy.0 = Release|Any CPU
	EndGlobalSection
	GlobalSection(SolutionProperties) = preSolution
		HideSolutionNode = FALSE
	EndGlobalSection
	GlobalSection(NestedProjects) = preSolution
		{54548267-2CFB-410E-952F-E5312FFE6633} = {D67AE6F9-8A0C-4F73-88CD-DC100B086850}
		{55378620-50BD-4002-A8FB-FA61D991097E} = {D67AE6F9-8A0C-4F73-88CD-DC100B086850}
		{6B5C0F1D-06AB-407A-B28B-4AE9B51D7776} = {6DB77AEE-4391-411E-A3E1-74A5168D4DCB}
		{6DB77AEE-4391-411E-A3E1-74A5168D4DCB} = {D67AE6F9-8A0C-4F73-88CD-DC100B086850}
		{93768DF5-E83C-40A1-9ED6-1BB5AF08F244} = {6DB77AEE-4391-411E-A3E1-74A5168D4DCB}
		{0BBF077A-B8C2-484F-9F57-35ED63F936B8} = {6DB77AEE-4391-411E-A3E1-74A5168D4DCB}
		{E97DFDBF-B620-4ED1-8194-B99113716179} = {6DB77AEE-4391-411E-A3E1-74A5168D4DCB}
		{A122B076-21A6-4017-BE8B-76010EF2AF65} = {6DB77AEE-4391-411E-A3E1-74A5168D4DCB}
		{95DF2AAB-8C5B-4E9A-8720-229D84216D0D} = {6DB77AEE-4391-411E-A3E1-74A5168D4DCB}
		{ACB38212-E64C-4959-8ED0-8E6FC17A90E6} = {6DB77AEE-4391-411E-A3E1-74A5168D4DCB}
		{280763D7-FBFD-46EC-B487-6FD2F93E345F} = {114B8843-7395-4069-A241-8DAA0323681C}
	EndGlobalSection
	GlobalSection(ExtensibilityGlobals) = postSolution
		SolutionGuid = {DFE8F872-04F4-4FB3-97A0-0280C96B9F74}
	EndGlobalSection
EndGlobal
